// !$*UTF8*$!
{
	archiveVersion = 1;
	classes = {
	};
	objectVersion = 46;
	objects = {

/* Begin PBXBuildFile section */
		3F6E770B18F0A75600D798BC /* DNHomeNavigationController.m in Sources */ = {isa = PBXBuildFile; fileRef = 3F6E770A18F0A75600D798BC /* DNHomeNavigationController.m */; };
		4D5C6EC718F0A21B00C8B392 /* DNNavigationController.m in Sources */ = {isa = PBXBuildFile; fileRef = 4D5C6EC618F0A21B00C8B392 /* DNNavigationController.m */; };
		4D5C6ECA18F0A22C00C8B392 /* DNViewController.m in Sources */ = {isa = PBXBuildFile; fileRef = 4D5C6EC918F0A22C00C8B392 /* DNViewController.m */; };
		4D5C6ECD18F0A23A00C8B392 /* DNTableViewController.m in Sources */ = {isa = PBXBuildFile; fileRef = 4D5C6ECC18F0A23A00C8B392 /* DNTableViewController.m */; };
		4D5C6ED018F0A71A00C8B392 /* DNLoginNavigationController.m in Sources */ = {isa = PBXBuildFile; fileRef = 4D5C6ECF18F0A71A00C8B392 /* DNLoginNavigationController.m */; };
		4D5C6ED318F0A76000C8B392 /* DNComposeNavigationController.m in Sources */ = {isa = PBXBuildFile; fileRef = 4D5C6ED218F0A76000C8B392 /* DNComposeNavigationController.m */; };
		4D7CA4B718F0AE0000D9EFD4 /* DNSettingsNavigationController.m in Sources */ = {isa = PBXBuildFile; fileRef = 4D7CA4B618F0AE0000D9EFD4 /* DNSettingsNavigationController.m */; };
		4D7CA4BA18F0AE2600D9EFD4 /* DNFriendsNavigationController.m in Sources */ = {isa = PBXBuildFile; fileRef = 4D7CA4B918F0AE2600D9EFD4 /* DNFriendsNavigationController.m */; };
		4D911CD018F08ADE007BE775 /* Foundation.framework in Frameworks */ = {isa = PBXBuildFile; fileRef = 4D911CCF18F08ADE007BE775 /* Foundation.framework */; };
		4D911CD218F08ADE007BE775 /* CoreGraphics.framework in Frameworks */ = {isa = PBXBuildFile; fileRef = 4D911CD118F08ADE007BE775 /* CoreGraphics.framework */; };
		4D911CD418F08ADE007BE775 /* UIKit.framework in Frameworks */ = {isa = PBXBuildFile; fileRef = 4D911CD318F08ADE007BE775 /* UIKit.framework */; };
		4D911CDA18F08ADE007BE775 /* InfoPlist.strings in Resources */ = {isa = PBXBuildFile; fileRef = 4D911CD818F08ADE007BE775 /* InfoPlist.strings */; };
		4D911CDC18F08ADE007BE775 /* main.m in Sources */ = {isa = PBXBuildFile; fileRef = 4D911CDB18F08ADE007BE775 /* main.m */; };
		4D911CE018F08ADE007BE775 /* DNAppDelegate.m in Sources */ = {isa = PBXBuildFile; fileRef = 4D911CDF18F08ADE007BE775 /* DNAppDelegate.m */; };
		4D911CEB18F08ADE007BE775 /* Images.xcassets in Resources */ = {isa = PBXBuildFile; fileRef = 4D911CEA18F08ADE007BE775 /* Images.xcassets */; };
		4D911CF218F08ADE007BE775 /* XCTest.framework in Frameworks */ = {isa = PBXBuildFile; fileRef = 4D911CF118F08ADE007BE775 /* XCTest.framework */; };
		4D911CF318F08ADE007BE775 /* Foundation.framework in Frameworks */ = {isa = PBXBuildFile; fileRef = 4D911CCF18F08ADE007BE775 /* Foundation.framework */; };
		4D911CF418F08ADE007BE775 /* UIKit.framework in Frameworks */ = {isa = PBXBuildFile; fileRef = 4D911CD318F08ADE007BE775 /* UIKit.framework */; };
		4D911CFC18F08ADE007BE775 /* InfoPlist.strings in Resources */ = {isa = PBXBuildFile; fileRef = 4D911CFA18F08ADE007BE775 /* InfoPlist.strings */; };
		4D911CFE18F08ADE007BE775 /* DingTests.m in Sources */ = {isa = PBXBuildFile; fileRef = 4D911CFD18F08ADE007BE775 /* DingTests.m */; };
		DE3613BFCCC4458B870F7E2F /* libPods.a in Frameworks */ = {isa = PBXBuildFile; fileRef = 3EA3209F8B0D4B028BC98960 /* libPods.a */; };
/* End PBXBuildFile section */

/* Begin PBXContainerItemProxy section */
		4D911CF518F08ADE007BE775 /* PBXContainerItemProxy */ = {
			isa = PBXContainerItemProxy;
			containerPortal = 4D911CC418F08ADE007BE775 /* Project object */;
			proxyType = 1;
			remoteGlobalIDString = 4D911CCB18F08ADE007BE775;
			remoteInfo = Ding;
		};
/* End PBXContainerItemProxy section */

/* Begin PBXFileReference section */
		3EA3209F8B0D4B028BC98960 /* libPods.a */ = {isa = PBXFileReference; explicitFileType = archive.ar; includeInIndex = 0; path = libPods.a; sourceTree = BUILT_PRODUCTS_DIR; };
		3F6E770918F0A75600D798BC /* DNHomeNavigationController.h */ = {isa = PBXFileReference; fileEncoding = 4; lastKnownFileType = sourcecode.c.h; name = DNHomeNavigationController.h; path = Home/DNHomeNavigationController.h; sourceTree = "<group>"; };
		3F6E770A18F0A75600D798BC /* DNHomeNavigationController.m */ = {isa = PBXFileReference; fileEncoding = 4; lastKnownFileType = sourcecode.c.objc; name = DNHomeNavigationController.m; path = Home/DNHomeNavigationController.m; sourceTree = "<group>"; };
		4D5C6EC518F0A21B00C8B392 /* DNNavigationController.h */ = {isa = PBXFileReference; fileEncoding = 4; lastKnownFileType = sourcecode.c.h; name = DNNavigationController.h; path = Base/DNNavigationController.h; sourceTree = "<group>"; };
		4D5C6EC618F0A21B00C8B392 /* DNNavigationController.m */ = {isa = PBXFileReference; fileEncoding = 4; lastKnownFileType = sourcecode.c.objc; name = DNNavigationController.m; path = Base/DNNavigationController.m; sourceTree = "<group>"; };
		4D5C6EC818F0A22C00C8B392 /* DNViewController.h */ = {isa = PBXFileReference; fileEncoding = 4; lastKnownFileType = sourcecode.c.h; name = DNViewController.h; path = Base/DNViewController.h; sourceTree = "<group>"; };
		4D5C6EC918F0A22C00C8B392 /* DNViewController.m */ = {isa = PBXFileReference; fileEncoding = 4; lastKnownFileType = sourcecode.c.objc; name = DNViewController.m; path = Base/DNViewController.m; sourceTree = "<group>"; };
		4D5C6ECB18F0A23A00C8B392 /* DNTableViewController.h */ = {isa = PBXFileReference; fileEncoding = 4; lastKnownFileType = sourcecode.c.h; name = DNTableViewController.h; path = Base/DNTableViewController.h; sourceTree = "<group>"; };
		4D5C6ECC18F0A23A00C8B392 /* DNTableViewController.m */ = {isa = PBXFileReference; fileEncoding = 4; lastKnownFileType = sourcecode.c.objc; name = DNTableViewController.m; path = Base/DNTableViewController.m; sourceTree = "<group>"; };
		4D5C6ECE18F0A71A00C8B392 /* DNLoginNavigationController.h */ = {isa = PBXFileReference; fileEncoding = 4; lastKnownFileType = sourcecode.c.h; name = DNLoginNavigationController.h; path = Login/DNLoginNavigationController.h; sourceTree = "<group>"; };
		4D5C6ECF18F0A71A00C8B392 /* DNLoginNavigationController.m */ = {isa = PBXFileReference; fileEncoding = 4; lastKnownFileType = sourcecode.c.objc; name = DNLoginNavigationController.m; path = Login/DNLoginNavigationController.m; sourceTree = "<group>"; };
		4D5C6ED118F0A76000C8B392 /* DNComposeNavigationController.h */ = {isa = PBXFileReference; fileEncoding = 4; lastKnownFileType = sourcecode.c.h; name = DNComposeNavigationController.h; path = Compose/DNComposeNavigationController.h; sourceTree = "<group>"; };
		4D5C6ED218F0A76000C8B392 /* DNComposeNavigationController.m */ = {isa = PBXFileReference; fileEncoding = 4; lastKnownFileType = sourcecode.c.objc; name = DNComposeNavigationController.m; path = Compose/DNComposeNavigationController.m; sourceTree = "<group>"; };
		4D7CA4B518F0AE0000D9EFD4 /* DNSettingsNavigationController.h */ = {isa = PBXFileReference; fileEncoding = 4; lastKnownFileType = sourcecode.c.h; name = DNSettingsNavigationController.h; path = Drawer/DNSettingsNavigationController.h; sourceTree = "<group>"; };
		4D7CA4B618F0AE0000D9EFD4 /* DNSettingsNavigationController.m */ = {isa = PBXFileReference; fileEncoding = 4; lastKnownFileType = sourcecode.c.objc; name = DNSettingsNavigationController.m; path = Drawer/DNSettingsNavigationController.m; sourceTree = "<group>"; };
		4D7CA4B818F0AE2600D9EFD4 /* DNFriendsNavigationController.h */ = {isa = PBXFileReference; fileEncoding = 4; lastKnownFileType = sourcecode.c.h; name = DNFriendsNavigationController.h; path = Drawer/DNFriendsNavigationController.h; sourceTree = "<group>"; };
		4D7CA4B918F0AE2600D9EFD4 /* DNFriendsNavigationController.m */ = {isa = PBXFileReference; fileEncoding = 4; lastKnownFileType = sourcecode.c.objc; name = DNFriendsNavigationController.m; path = Drawer/DNFriendsNavigationController.m; sourceTree = "<group>"; };
		4D911CCC18F08ADE007BE775 /* Ding.app */ = {isa = PBXFileReference; explicitFileType = wrapper.application; includeInIndex = 0; path = Ding.app; sourceTree = BUILT_PRODUCTS_DIR; };
		4D911CCF18F08ADE007BE775 /* Foundation.framework */ = {isa = PBXFileReference; lastKnownFileType = wrapper.framework; name = Foundation.framework; path = System/Library/Frameworks/Foundation.framework; sourceTree = SDKROOT; };
		4D911CD118F08ADE007BE775 /* CoreGraphics.framework */ = {isa = PBXFileReference; lastKnownFileType = wrapper.framework; name = CoreGraphics.framework; path = System/Library/Frameworks/CoreGraphics.framework; sourceTree = SDKROOT; };
		4D911CD318F08ADE007BE775 /* UIKit.framework */ = {isa = PBXFileReference; lastKnownFileType = wrapper.framework; name = UIKit.framework; path = System/Library/Frameworks/UIKit.framework; sourceTree = SDKROOT; };
		4D911CD718F08ADE007BE775 /* Ding-Info.plist */ = {isa = PBXFileReference; lastKnownFileType = text.plist.xml; path = "Ding-Info.plist"; sourceTree = "<group>"; };
		4D911CD918F08ADE007BE775 /* en */ = {isa = PBXFileReference; lastKnownFileType = text.plist.strings; name = en; path = en.lproj/InfoPlist.strings; sourceTree = "<group>"; };
		4D911CDB18F08ADE007BE775 /* main.m */ = {isa = PBXFileReference; lastKnownFileType = sourcecode.c.objc; path = main.m; sourceTree = "<group>"; };
		4D911CDD18F08ADE007BE775 /* Ding-Prefix.pch */ = {isa = PBXFileReference; lastKnownFileType = sourcecode.c.h; path = "Ding-Prefix.pch"; sourceTree = "<group>"; };
		4D911CDE18F08ADE007BE775 /* DNAppDelegate.h */ = {isa = PBXFileReference; lastKnownFileType = sourcecode.c.h; path = DNAppDelegate.h; sourceTree = "<group>"; };
		4D911CDF18F08ADE007BE775 /* DNAppDelegate.m */ = {isa = PBXFileReference; lastKnownFileType = sourcecode.c.objc; path = DNAppDelegate.m; sourceTree = "<group>"; };
		4D911CEA18F08ADE007BE775 /* Images.xcassets */ = {isa = PBXFileReference; lastKnownFileType = folder.assetcatalog; path = Images.xcassets; sourceTree = "<group>"; };
		4D911CF018F08ADE007BE775 /* DingTests.xctest */ = {isa = PBXFileReference; explicitFileType = wrapper.cfbundle; includeInIndex = 0; path = DingTests.xctest; sourceTree = BUILT_PRODUCTS_DIR; };
		4D911CF118F08ADE007BE775 /* XCTest.framework */ = {isa = PBXFileReference; lastKnownFileType = wrapper.framework; name = XCTest.framework; path = Library/Frameworks/XCTest.framework; sourceTree = DEVELOPER_DIR; };
		4D911CF918F08ADE007BE775 /* DingTests-Info.plist */ = {isa = PBXFileReference; lastKnownFileType = text.plist.xml; path = "DingTests-Info.plist"; sourceTree = "<group>"; };
		4D911CFB18F08ADE007BE775 /* en */ = {isa = PBXFileReference; lastKnownFileType = text.plist.strings; name = en; path = en.lproj/InfoPlist.strings; sourceTree = "<group>"; };
		4D911CFD18F08ADE007BE775 /* DingTests.m */ = {isa = PBXFileReference; lastKnownFileType = sourcecode.c.objc; path = DingTests.m; sourceTree = "<group>"; };
		7721FE381EB14A81A947318C /* Pods.xcconfig */ = {isa = PBXFileReference; includeInIndex = 1; lastKnownFileType = text.xcconfig; name = Pods.xcconfig; path = Pods/Pods.xcconfig; sourceTree = "<group>"; };
/* End PBXFileReference section */

/* Begin PBXFrameworksBuildPhase section */
		4D911CC918F08ADE007BE775 /* Frameworks */ = {
			isa = PBXFrameworksBuildPhase;
			buildActionMask = 2147483647;
			files = (
				4D911CD218F08ADE007BE775 /* CoreGraphics.framework in Frameworks */,
				4D911CD418F08ADE007BE775 /* UIKit.framework in Frameworks */,
				4D911CD018F08ADE007BE775 /* Foundation.framework in Frameworks */,
				DE3613BFCCC4458B870F7E2F /* libPods.a in Frameworks */,
			);
			runOnlyForDeploymentPostprocessing = 0;
		};
		4D911CED18F08ADE007BE775 /* Frameworks */ = {
			isa = PBXFrameworksBuildPhase;
			buildActionMask = 2147483647;
			files = (
				4D911CF218F08ADE007BE775 /* XCTest.framework in Frameworks */,
				4D911CF418F08ADE007BE775 /* UIKit.framework in Frameworks */,
				4D911CF318F08ADE007BE775 /* Foundation.framework in Frameworks */,
			);
			runOnlyForDeploymentPostprocessing = 0;
		};
/* End PBXFrameworksBuildPhase section */

/* Begin PBXGroup section */
		4D5C6EC118F0A18800C8B392 /* Home */ = {
			isa = PBXGroup;
			children = (
				3F6E770918F0A75600D798BC /* DNHomeNavigationController.h */,
				3F6E770A18F0A75600D798BC /* DNHomeNavigationController.m */,
			);
			name = Home;
			sourceTree = "<group>";
		};
		4D5C6EC218F0A18C00C8B392 /* Login */ = {
			isa = PBXGroup;
			children = (
				4D5C6ECE18F0A71A00C8B392 /* DNLoginNavigationController.h */,
				4D5C6ECF18F0A71A00C8B392 /* DNLoginNavigationController.m */,
			);
			name = Login;
			sourceTree = "<group>";
		};
		4D5C6EC318F0A1AF00C8B392 /* Compose */ = {
			isa = PBXGroup;
			children = (
				4D5C6ED118F0A76000C8B392 /* DNComposeNavigationController.h */,
				4D5C6ED218F0A76000C8B392 /* DNComposeNavigationController.m */,
			);
			name = Compose;
			sourceTree = "<group>";
		};
		4D5C6EC418F0A1D400C8B392 /* Base */ = {
			isa = PBXGroup;
			children = (
				4D5C6EC518F0A21B00C8B392 /* DNNavigationController.h */,
				4D5C6EC618F0A21B00C8B392 /* DNNavigationController.m */,
				4D5C6EC818F0A22C00C8B392 /* DNViewController.h */,
				4D5C6EC918F0A22C00C8B392 /* DNViewController.m */,
				4D5C6ECB18F0A23A00C8B392 /* DNTableViewController.h */,
				4D5C6ECC18F0A23A00C8B392 /* DNTableViewController.m */,
			);
			name = Base;
			sourceTree = "<group>";
		};
		4D7CA4B418F0ADBC00D9EFD4 /* Drawer */ = {
			isa = PBXGroup;
			children = (
				4D7CA4B518F0AE0000D9EFD4 /* DNSettingsNavigationController.h */,
				4D7CA4B618F0AE0000D9EFD4 /* DNSettingsNavigationController.m */,
				4D7CA4B818F0AE2600D9EFD4 /* DNFriendsNavigationController.h */,
				4D7CA4B918F0AE2600D9EFD4 /* DNFriendsNavigationController.m */,
			);
			name = Drawer;
			sourceTree = "<group>";
		};
		4D911CC318F08ADE007BE775 = {
			isa = PBXGroup;
			children = (
				4D911CD518F08ADE007BE775 /* Ding */,
				4D911CF718F08ADE007BE775 /* DingTests */,
				4D911CCE18F08ADE007BE775 /* Frameworks */,
				4D911CCD18F08ADE007BE775 /* Products */,
				7721FE381EB14A81A947318C /* Pods.xcconfig */,
			);
			indentWidth = 4;
			sourceTree = "<group>";
			tabWidth = 4;
		};
		4D911CCD18F08ADE007BE775 /* Products */ = {
			isa = PBXGroup;
			children = (
				4D911CCC18F08ADE007BE775 /* Ding.app */,
				4D911CF018F08ADE007BE775 /* DingTests.xctest */,
			);
			name = Products;
			sourceTree = "<group>";
		};
		4D911CCE18F08ADE007BE775 /* Frameworks */ = {
			isa = PBXGroup;
			children = (
				4D911CCF18F08ADE007BE775 /* Foundation.framework */,
				4D911CD118F08ADE007BE775 /* CoreGraphics.framework */,
				4D911CD318F08ADE007BE775 /* UIKit.framework */,
				4D911CF118F08ADE007BE775 /* XCTest.framework */,
				3EA3209F8B0D4B028BC98960 /* libPods.a */,
			);
			name = Frameworks;
			sourceTree = "<group>";
		};
		4D911CD518F08ADE007BE775 /* Ding */ = {
			isa = PBXGroup;
			children = (
				4D5C6EC418F0A1D400C8B392 /* Base */,
				4D5C6EC118F0A18800C8B392 /* Home */,
				4D5C6EC218F0A18C00C8B392 /* Login */,
				4D5C6EC318F0A1AF00C8B392 /* Compose */,
				4D7CA4B418F0ADBC00D9EFD4 /* Drawer */,
				4D911CDE18F08ADE007BE775 /* DNAppDelegate.h */,
				4D911CDF18F08ADE007BE775 /* DNAppDelegate.m */,
				4D911CEA18F08ADE007BE775 /* Images.xcassets */,
				4D911CD618F08ADE007BE775 /* Supporting Files */,
			);
			path = Ding;
			sourceTree = "<group>";
		};
		4D911CD618F08ADE007BE775 /* Supporting Files */ = {
			isa = PBXGroup;
			children = (
				4D911CD718F08ADE007BE775 /* Ding-Info.plist */,
				4D911CD818F08ADE007BE775 /* InfoPlist.strings */,
				4D911CDB18F08ADE007BE775 /* main.m */,
				4D911CDD18F08ADE007BE775 /* Ding-Prefix.pch */,
			);
			name = "Supporting Files";
			sourceTree = "<group>";
		};
		4D911CF718F08ADE007BE775 /* DingTests */ = {
			isa = PBXGroup;
			children = (
				4D911CFD18F08ADE007BE775 /* DingTests.m */,
				4D911CF818F08ADE007BE775 /* Supporting Files */,
			);
			path = DingTests;
			sourceTree = "<group>";
		};
		4D911CF818F08ADE007BE775 /* Supporting Files */ = {
			isa = PBXGroup;
			children = (
				4D911CF918F08ADE007BE775 /* DingTests-Info.plist */,
				4D911CFA18F08ADE007BE775 /* InfoPlist.strings */,
			);
			name = "Supporting Files";
			sourceTree = "<group>";
		};
/* End PBXGroup section */

/* Begin PBXNativeTarget section */
		4D911CCB18F08ADE007BE775 /* Ding */ = {
			isa = PBXNativeTarget;
			buildConfigurationList = 4D911D0118F08ADE007BE775 /* Build configuration list for PBXNativeTarget "Ding" */;
			buildPhases = (
				1DBBCB700A264A0EAF6ED8ED /* Check Pods Manifest.lock */,
				4D911CC818F08ADE007BE775 /* Sources */,
				4D911CC918F08ADE007BE775 /* Frameworks */,
				4D911CCA18F08ADE007BE775 /* Resources */,
				9A3117434A3241A0AE2C392E /* Copy Pods Resources */,
			);
			buildRules = (
			);
			dependencies = (
			);
			name = Ding;
			productName = Ding;
			productReference = 4D911CCC18F08ADE007BE775 /* Ding.app */;
			productType = "com.apple.product-type.application";
		};
		4D911CEF18F08ADE007BE775 /* DingTests */ = {
			isa = PBXNativeTarget;
			buildConfigurationList = 4D911D0418F08ADE007BE775 /* Build configuration list for PBXNativeTarget "DingTests" */;
			buildPhases = (
				4D911CEC18F08ADE007BE775 /* Sources */,
				4D911CED18F08ADE007BE775 /* Frameworks */,
				4D911CEE18F08ADE007BE775 /* Resources */,
			);
			buildRules = (
			);
			dependencies = (
				4D911CF618F08ADE007BE775 /* PBXTargetDependency */,
			);
			name = DingTests;
			productName = DingTests;
			productReference = 4D911CF018F08ADE007BE775 /* DingTests.xctest */;
			productType = "com.apple.product-type.bundle.unit-test";
		};
/* End PBXNativeTarget section */

/* Begin PBXProject section */
		4D911CC418F08ADE007BE775 /* Project object */ = {
			isa = PBXProject;
			attributes = {
				CLASSPREFIX = DN;
				LastUpgradeCheck = 0500;
				ORGANIZATIONNAME = "Mark Miyashita";
				TargetAttributes = {
					4D911CEF18F08ADE007BE775 = {
						TestTargetID = 4D911CCB18F08ADE007BE775;
					};
				};
			};
			buildConfigurationList = 4D911CC718F08ADE007BE775 /* Build configuration list for PBXProject "Ding" */;
			compatibilityVersion = "Xcode 3.2";
			developmentRegion = English;
			hasScannedForEncodings = 0;
			knownRegions = (
				en,
				Base,
			);
			mainGroup = 4D911CC318F08ADE007BE775;
			productRefGroup = 4D911CCD18F08ADE007BE775 /* Products */;
			projectDirPath = "";
			projectRoot = "";
			targets = (
				4D911CCB18F08ADE007BE775 /* Ding */,
				4D911CEF18F08ADE007BE775 /* DingTests */,
			);
		};
/* End PBXProject section */

/* Begin PBXResourcesBuildPhase section */
		4D911CCA18F08ADE007BE775 /* Resources */ = {
			isa = PBXResourcesBuildPhase;
			buildActionMask = 2147483647;
			files = (
				4D911CEB18F08ADE007BE775 /* Images.xcassets in Resources */,
				4D911CDA18F08ADE007BE775 /* InfoPlist.strings in Resources */,
			);
			runOnlyForDeploymentPostprocessing = 0;
		};
		4D911CEE18F08ADE007BE775 /* Resources */ = {
			isa = PBXResourcesBuildPhase;
			buildActionMask = 2147483647;
			files = (
				4D911CFC18F08ADE007BE775 /* InfoPlist.strings in Resources */,
			);
			runOnlyForDeploymentPostprocessing = 0;
		};
/* End PBXResourcesBuildPhase section */

/* Begin PBXShellScriptBuildPhase section */
		1DBBCB700A264A0EAF6ED8ED /* Check Pods Manifest.lock */ = {
			isa = PBXShellScriptBuildPhase;
			buildActionMask = 2147483647;
			files = (
			);
			inputPaths = (
			);
			name = "Check Pods Manifest.lock";
			outputPaths = (
			);
			runOnlyForDeploymentPostprocessing = 0;
			shellPath = /bin/sh;
			shellScript = "diff \"${PODS_ROOT}/../Podfile.lock\" \"${PODS_ROOT}/Manifest.lock\" > /dev/null\nif [[ $? != 0 ]] ; then\n    cat << EOM\nerror: The sandbox is not in sync with the Podfile.lock. Run 'pod install' or update your CocoaPods installation.\nEOM\n    exit 1\nfi\n";
			showEnvVarsInLog = 0;
		};
		9A3117434A3241A0AE2C392E /* Copy Pods Resources */ = {
			isa = PBXShellScriptBuildPhase;
			buildActionMask = 2147483647;
			files = (
			);
			inputPaths = (
			);
			name = "Copy Pods Resources";
			outputPaths = (
			);
			runOnlyForDeploymentPostprocessing = 0;
			shellPath = /bin/sh;
			shellScript = "\"${SRCROOT}/Pods/Pods-resources.sh\"\n";
			showEnvVarsInLog = 0;
		};
/* End PBXShellScriptBuildPhase section */

/* Begin PBXSourcesBuildPhase section */
		4D911CC818F08ADE007BE775 /* Sources */ = {
			isa = PBXSourcesBuildPhase;
			buildActionMask = 2147483647;
			files = (
				4D5C6ED018F0A71A00C8B392 /* DNLoginNavigationController.m in Sources */,
				4D911CE018F08ADE007BE775 /* DNAppDelegate.m in Sources */,
				4D7CA4B718F0AE0000D9EFD4 /* DNSettingsNavigationController.m in Sources */,
				4D5C6ECD18F0A23A00C8B392 /* DNTableViewController.m in Sources */,
				4D5C6EC718F0A21B00C8B392 /* DNNavigationController.m in Sources */,
				4D7CA4BA18F0AE2600D9EFD4 /* DNFriendsNavigationController.m in Sources */,
				4D5C6ECA18F0A22C00C8B392 /* DNViewController.m in Sources */,
				3F6E770B18F0A75600D798BC /* DNHomeNavigationController.m in Sources */,
				4D5C6ED318F0A76000C8B392 /* DNComposeNavigationController.m in Sources */,
				4D911CDC18F08ADE007BE775 /* main.m in Sources */,
			);
			runOnlyForDeploymentPostprocessing = 0;
		};
		4D911CEC18F08ADE007BE775 /* Sources */ = {
			isa = PBXSourcesBuildPhase;
			buildActionMask = 2147483647;
			files = (
				4D911CFE18F08ADE007BE775 /* DingTests.m in Sources */,
			);
			runOnlyForDeploymentPostprocessing = 0;
		};
/* End PBXSourcesBuildPhase section */

/* Begin PBXTargetDependency section */
		4D911CF618F08ADE007BE775 /* PBXTargetDependency */ = {
			isa = PBXTargetDependency;
			target = 4D911CCB18F08ADE007BE775 /* Ding */;
			targetProxy = 4D911CF518F08ADE007BE775 /* PBXContainerItemProxy */;
		};
/* End PBXTargetDependency section */

/* Begin PBXVariantGroup section */
		4D911CD818F08ADE007BE775 /* InfoPlist.strings */ = {
			isa = PBXVariantGroup;
			children = (
				4D911CD918F08ADE007BE775 /* en */,
			);
			name = InfoPlist.strings;
			sourceTree = "<group>";
		};
		4D911CFA18F08ADE007BE775 /* InfoPlist.strings */ = {
			isa = PBXVariantGroup;
			children = (
				4D911CFB18F08ADE007BE775 /* en */,
			);
			name = InfoPlist.strings;
			sourceTree = "<group>";
		};
/* End PBXVariantGroup section */

/* Begin XCBuildConfiguration section */
		4D911CFF18F08ADE007BE775 /* Debug */ = {
			isa = XCBuildConfiguration;
			buildSettings = {
				ALWAYS_SEARCH_USER_PATHS = NO;
				ARCHS = "$(ARCHS_STANDARD_INCLUDING_64_BIT)";
				CLANG_CXX_LANGUAGE_STANDARD = "gnu++0x";
				CLANG_CXX_LIBRARY = "libc++";
				CLANG_ENABLE_MODULES = YES;
				CLANG_ENABLE_OBJC_ARC = YES;
				CLANG_WARN_BOOL_CONVERSION = YES;
				CLANG_WARN_CONSTANT_CONVERSION = YES;
				CLANG_WARN_DIRECT_OBJC_ISA_USAGE = YES_ERROR;
				CLANG_WARN_EMPTY_BODY = YES;
				CLANG_WARN_ENUM_CONVERSION = YES;
				CLANG_WARN_INT_CONVERSION = YES;
				CLANG_WARN_OBJC_ROOT_CLASS = YES_ERROR;
				CLANG_WARN__DUPLICATE_METHOD_MATCH = YES;
				"CODE_SIGN_IDENTITY[sdk=iphoneos*]" = "iPhone Developer";
				COPY_PHASE_STRIP = NO;
				GCC_C_LANGUAGE_STANDARD = gnu99;
				GCC_DYNAMIC_NO_PIC = NO;
				GCC_OPTIMIZATION_LEVEL = 0;
				GCC_PREPROCESSOR_DEFINITIONS = (
					"DEBUG=1",
					"$(inherited)",
				);
				GCC_SYMBOLS_PRIVATE_EXTERN = NO;
				GCC_WARN_64_TO_32_BIT_CONVERSION = YES;
				GCC_WARN_ABOUT_RETURN_TYPE = YES_ERROR;
				GCC_WARN_UNDECLARED_SELECTOR = YES;
				GCC_WARN_UNINITIALIZED_AUTOS = YES;
				GCC_WARN_UNUSED_FUNCTION = YES;
				GCC_WARN_UNUSED_VARIABLE = YES;
				IPHONEOS_DEPLOYMENT_TARGET = 7.0;
				ONLY_ACTIVE_ARCH = YES;
				SDKROOT = iphoneos;
				TARGETED_DEVICE_FAMILY = "1,2";
			};
			name = Debug;
		};
		4D911D0018F08ADE007BE775 /* Release */ = {
			isa = XCBuildConfiguration;
			buildSettings = {
				ALWAYS_SEARCH_USER_PATHS = NO;
				ARCHS = "$(ARCHS_STANDARD_INCLUDING_64_BIT)";
				CLANG_CXX_LANGUAGE_STANDARD = "gnu++0x";
				CLANG_CXX_LIBRARY = "libc++";
				CLANG_ENABLE_MODULES = YES;
				CLANG_ENABLE_OBJC_ARC = YES;
				CLANG_WARN_BOOL_CONVERSION = YES;
				CLANG_WARN_CONSTANT_CONVERSION = YES;
				CLANG_WARN_DIRECT_OBJC_ISA_USAGE = YES_ERROR;
				CLANG_WARN_EMPTY_BODY = YES;
				CLANG_WARN_ENUM_CONVERSION = YES;
				CLANG_WARN_INT_CONVERSION = YES;
				CLANG_WARN_OBJC_ROOT_CLASS = YES_ERROR;
				CLANG_WARN__DUPLICATE_METHOD_MATCH = YES;
				"CODE_SIGN_IDENTITY[sdk=iphoneos*]" = "iPhone Developer";
				COPY_PHASE_STRIP = YES;
				ENABLE_NS_ASSERTIONS = NO;
				GCC_C_LANGUAGE_STANDARD = gnu99;
				GCC_WARN_64_TO_32_BIT_CONVERSION = YES;
				GCC_WARN_ABOUT_RETURN_TYPE = YES_ERROR;
				GCC_WARN_UNDECLARED_SELECTOR = YES;
				GCC_WARN_UNINITIALIZED_AUTOS = YES;
				GCC_WARN_UNUSED_FUNCTION = YES;
				GCC_WARN_UNUSED_VARIABLE = YES;
				IPHONEOS_DEPLOYMENT_TARGET = 7.0;
				SDKROOT = iphoneos;
				TARGETED_DEVICE_FAMILY = "1,2";
				VALIDATE_PRODUCT = YES;
			};
			name = Release;
		};
		4D911D0218F08ADE007BE775 /* Debug */ = {
			isa = XCBuildConfiguration;
			baseConfigurationReference = 7721FE381EB14A81A947318C /* Pods.xcconfig */;
			buildSettings = {
				ASSETCATALOG_COMPILER_APPICON_NAME = AppIcon;
				ASSETCATALOG_COMPILER_LAUNCHIMAGE_NAME = LaunchImage;
				CLANG_CXX_LIBRARY = "libc++";
				GCC_PRECOMPILE_PREFIX_HEADER = YES;
				GCC_PREFIX_HEADER = "Ding/Ding-Prefix.pch";
				GCC_VERSION = "";
				INFOPLIST_FILE = "Ding/Ding-Info.plist";
				PRODUCT_NAME = "$(TARGET_NAME)";
				WRAPPER_EXTENSION = app;
			};
			name = Debug;
		};
		4D911D0318F08ADE007BE775 /* Release */ = {
			isa = XCBuildConfiguration;
			baseConfigurationReference = 7721FE381EB14A81A947318C /* Pods.xcconfig */;
			buildSettings = {
				ASSETCATALOG_COMPILER_APPICON_NAME = AppIcon;
				ASSETCATALOG_COMPILER_LAUNCHIMAGE_NAME = LaunchImage;
				CLANG_CXX_LIBRARY = "libc++";
				GCC_PRECOMPILE_PREFIX_HEADER = YES;
				GCC_PREFIX_HEADER = "Ding/Ding-Prefix.pch";
				GCC_VERSION = "";
				INFOPLIST_FILE = "Ding/Ding-Info.plist";
				PRODUCT_NAME = "$(TARGET_NAME)";
				WRAPPER_EXTENSION = app;
			};
			name = Release;
		};
		4D911D0518F08ADE007BE775 /* Debug */ = {
			isa = XCBuildConfiguration;
			buildSettings = {
				ARCHS = "$(ARCHS_STANDARD_INCLUDING_64_BIT)";
				BUNDLE_LOADER = "$(BUILT_PRODUCTS_DIR)/Ding.app/Ding";
				FRAMEWORK_SEARCH_PATHS = (
					"$(SDKROOT)/Developer/Library/Frameworks",
					"$(inherited)",
					"$(DEVELOPER_FRAMEWORKS_DIR)",
				);
				GCC_PRECOMPILE_PREFIX_HEADER = YES;
				GCC_PREFIX_HEADER = "Ding/Ding-Prefix.pch";
				GCC_PREPROCESSOR_DEFINITIONS = (
					"DEBUG=1",
					"$(inherited)",
				);
				INFOPLIST_FILE = "DingTests/DingTests-Info.plist";
				PRODUCT_NAME = "$(TARGET_NAME)";
				TEST_HOST = "$(BUNDLE_LOADER)";
				WRAPPER_EXTENSION = xctest;
			};
			name = Debug;
		};
		4D911D0618F08ADE007BE775 /* Release */ = {
			isa = XCBuildConfiguration;
			buildSettings = {
				ARCHS = "$(ARCHS_STANDARD_INCLUDING_64_BIT)";
				BUNDLE_LOADER = "$(BUILT_PRODUCTS_DIR)/Ding.app/Ding";
				FRAMEWORK_SEARCH_PATHS = (
					"$(SDKROOT)/Developer/Library/Frameworks",
					"$(inherited)",
					"$(DEVELOPER_FRAMEWORKS_DIR)",
				);
				GCC_PRECOMPILE_PREFIX_HEADER = YES;
				GCC_PREFIX_HEADER = "Ding/Ding-Prefix.pch";
				INFOPLIST_FILE = "DingTests/DingTests-Info.plist";
				PRODUCT_NAME = "$(TARGET_NAME)";
				TEST_HOST = "$(BUNDLE_LOADER)";
				WRAPPER_EXTENSION = xctest;
			};
			name = Release;
		};
/* End XCBuildConfiguration section */

/* Begin XCConfigurationList section */
		4D911CC718F08ADE007BE775 /* Build configuration list for PBXProject "Ding" */ = {
			isa = XCConfigurationList;
			buildConfigurations = (
				4D911CFF18F08ADE007BE775 /* Debug */,
				4D911D0018F08ADE007BE775 /* Release */,
			);
			defaultConfigurationIsVisible = 0;
			defaultConfigurationName = Release;
		};
		4D911D0118F08ADE007BE775 /* Build configuration list for PBXNativeTarget "Ding" */ = {
			isa = XCConfigurationList;
			buildConfigurations = (
				4D911D0218F08ADE007BE775 /* Debug */,
				4D911D0318F08ADE007BE775 /* Release */,
			);
			defaultConfigurationIsVisible = 0;
			defaultConfigurationName = Release;
		};
		4D911D0418F08ADE007BE775 /* Build configuration list for PBXNativeTarget "DingTests" */ = {
			isa = XCConfigurationList;
			buildConfigurations = (
				4D911D0518F08ADE007BE775 /* Debug */,
				4D911D0618F08ADE007BE775 /* Release */,
			);
			defaultConfigurationIsVisible = 0;
			defaultConfigurationName = Release;
		};
/* End XCConfigurationList section */
	};
	rootObject = 4D911CC418F08ADE007BE775 /* Project object */;
}
